
Microsoft Visual Studio Solution File, Format Version 12.00
# Visual Studio Version 17
VisualStudioVersion = 17.5.002.0
MinimumVisualStudioVersion = 10.0.40219.1
Project("{9A19103F-16F7-4668-BE54-9A1E7A4F7556}") = "MIPS.Net", "MIPS.Net\MIPS.Net.csproj", "{64F6BF2D-A08A-45BC-8420-4109308E4CA6}"
EndProject
Project("{9A19103F-16F7-4668-BE54-9A1E7A4F7556}") = "MIPS.Tests", "MIPS.Tests\MIPS.Tests.csproj", "{E9123F4A-CBB9-4E4E-A620-3622D0C23419}"
EndProject
Project("{9A19103F-16F7-4668-BE54-9A1E7A4F7556}") = "MIPS.Compiler", "MIPS.Compiler\MIPS.Compiler.csproj", "{4FC2F290-1ECB-45F9-BD07-A10E0775CC5E}"
EndProject
Project("{2150E333-8FDC-42A3-9474-1A3956D46DE8}") = "Solution Items", "Solution Items", "{BA7BBF2F-F6BA-4C5C-8FA1-AF068DAAE51C}"
	ProjectSection(SolutionItems) = preProject
		.editorconfig = .editorconfig
	EndProjectSection
EndProject
Project("{9A19103F-16F7-4668-BE54-9A1E7A4F7556}") = "MIPS.DeviceLib", "MIPS.DeviceLib\MIPS.DeviceLib.csproj", "{C4AF49E5-3B59-495B-98DA-D43B166EA287}"
EndProject
Project("{2150E333-8FDC-42A3-9474-1A3956D46DE8}") = "All-In-One", "All-In-One", "{DCA8A7E3-2D02-47F3-BE3D-3D9798CBD8E1}"
EndProject
Project("{FAE04EC0-301F-11D3-BF4B-00C04F79EFBC}") = "NetPC", "NetPC\NetPC.csproj", "{96177E4E-771A-4407-9872-653B278A9742}"
EndProject
Project("{2150E333-8FDC-42A3-9474-1A3956D46DE8}") = "VDIM", "VDIM", "{02EA681E-C7D8-13C7-8484-4AC65E1B71E8}"
EndProject
Project("{FAE04EC0-301F-11D3-BF4B-00C04F79EFBC}") = "VDIMLib", "VDIMLib\VDIMLib.csproj", "{DCC58DA1-B563-4665-80E4-637EEE4F5E53}"
EndProject
Project("{FAE04EC0-301F-11D3-BF4B-00C04F79EFBC}") = "vdim", "vdim\vdim.csproj", "{AA61B5F5-DDB9-4396-BCED-3DEF48248B24}"
EndProject
Project("{FAE04EC0-301F-11D3-BF4B-00C04F79EFBC}") = "MIPS.Abi", "MIPS.Abi\MIPS.Abi.csproj", "{DAC6ADCF-D70A-4374-9846-818104FF55A9}"
EndProject
Project("{FAE04EC0-301F-11D3-BF4B-00C04F79EFBC}") = "mOSLib", "MIPS.SDK\mOSLib.csproj", "{24E89182-214B-4C9D-BF84-44552D91A407}"
EndProject
Project("{2150E333-8FDC-42A3-9474-1A3956D46DE8}") = "mOS", "mOS", "{158E4D2E-F8E3-4857-9980-3E837E7CD5C4}"
EndProject
Project("{FAE04EC0-301F-11D3-BF4B-00C04F79EFBC}") = "mOS", "mOS\mOS.csproj", "{909A706F-32F8-4BA5-A44A-1F3137FE2CCB}"
EndProject
Project("{2150E333-8FDC-42A3-9474-1A3956D46DE8}") = "mOS_Apps", "mOS_Apps", "{2B7282CE-6E76-46B1-81F8-03B768E97A3B}"
EndProject
Project("{FAE04EC0-301F-11D3-BF4B-00C04F79EFBC}") = "mShell", "mShell\mShell.csproj", "{AC683399-1807-4332-A121-9DC5335A64D1}"
EndProject
Project("{2150E333-8FDC-42A3-9474-1A3956D46DE8}") = "Core", "Core", "{E2524041-CC88-4626-A990-9432DA8F84CB}"
EndProject
Global
	GlobalSection(SolutionConfigurationPlatforms) = preSolution
		Debug|Any CPU = Debug|Any CPU
		Debug|x64 = Debug|x64
		Release|Any CPU = Release|Any CPU
		Release|x64 = Release|x64
	EndGlobalSection
	GlobalSection(ProjectConfigurationPlatforms) = postSolution
		{64F6BF2D-A08A-45BC-8420-4109308E4CA6}.Debug|Any CPU.ActiveCfg = Debug|Any CPU
		{64F6BF2D-A08A-45BC-8420-4109308E4CA6}.Debug|Any CPU.Build.0 = Debug|Any CPU
		{64F6BF2D-A08A-45BC-8420-4109308E4CA6}.Debug|x64.ActiveCfg = Debug|x64
		{64F6BF2D-A08A-45BC-8420-4109308E4CA6}.Debug|x64.Build.0 = Debug|x64
		{64F6BF2D-A08A-45BC-8420-4109308E4CA6}.Release|Any CPU.ActiveCfg = Release|Any CPU
		{64F6BF2D-A08A-45BC-8420-4109308E4CA6}.Release|Any CPU.Build.0 = Release|Any CPU
		{64F6BF2D-A08A-45BC-8420-4109308E4CA6}.Release|x64.ActiveCfg = Release|x64
		{64F6BF2D-A08A-45BC-8420-4109308E4CA6}.Release|x64.Build.0 = Release|x64
		{E9123F4A-CBB9-4E4E-A620-3622D0C23419}.Debug|Any CPU.ActiveCfg = Debug|Any CPU
		{E9123F4A-CBB9-4E4E-A620-3622D0C23419}.Debug|Any CPU.Build.0 = Debug|Any CPU
		{E9123F4A-CBB9-4E4E-A620-3622D0C23419}.Debug|x64.ActiveCfg = Debug|Any CPU
		{E9123F4A-CBB9-4E4E-A620-3622D0C23419}.Release|Any CPU.ActiveCfg = Release|Any CPU
		{E9123F4A-CBB9-4E4E-A620-3622D0C23419}.Release|Any CPU.Build.0 = Release|Any CPU
		{E9123F4A-CBB9-4E4E-A620-3622D0C23419}.Release|x64.ActiveCfg = Release|Any CPU
		{4FC2F290-1ECB-45F9-BD07-A10E0775CC5E}.Debug|Any CPU.ActiveCfg = Debug|Any CPU
		{4FC2F290-1ECB-45F9-BD07-A10E0775CC5E}.Debug|Any CPU.Build.0 = Debug|Any CPU
		{4FC2F290-1ECB-45F9-BD07-A10E0775CC5E}.Debug|x64.ActiveCfg = Debug|x64
		{4FC2F290-1ECB-45F9-BD07-A10E0775CC5E}.Debug|x64.Build.0 = Debug|x64
		{4FC2F290-1ECB-45F9-BD07-A10E0775CC5E}.Release|Any CPU.ActiveCfg = Release|Any CPU
		{4FC2F290-1ECB-45F9-BD07-A10E0775CC5E}.Release|Any CPU.Build.0 = Release|Any CPU
		{4FC2F290-1ECB-45F9-BD07-A10E0775CC5E}.Release|x64.ActiveCfg = Release|x64
		{4FC2F290-1ECB-45F9-BD07-A10E0775CC5E}.Release|x64.Build.0 = Release|x64
		{C4AF49E5-3B59-495B-98DA-D43B166EA287}.Debug|Any CPU.ActiveCfg = Debug|Any CPU
		{C4AF49E5-3B59-495B-98DA-D43B166EA287}.Debug|Any CPU.Build.0 = Debug|Any CPU
		{C4AF49E5-3B59-495B-98DA-D43B166EA287}.Debug|x64.ActiveCfg = Debug|x64
		{C4AF49E5-3B59-495B-98DA-D43B166EA287}.Debug|x64.Build.0 = Debug|x64
		{C4AF49E5-3B59-495B-98DA-D43B166EA287}.Release|Any CPU.ActiveCfg = Release|Any CPU
		{C4AF49E5-3B59-495B-98DA-D43B166EA287}.Release|Any CPU.Build.0 = Release|Any CPU
		{C4AF49E5-3B59-495B-98DA-D43B166EA287}.Release|x64.ActiveCfg = Release|x64
		{C4AF49E5-3B59-495B-98DA-D43B166EA287}.Release|x64.Build.0 = Release|x64
		{96177E4E-771A-4407-9872-653B278A9742}.Debug|Any CPU.ActiveCfg = Debug|Any CPU
		{96177E4E-771A-4407-9872-653B278A9742}.Debug|Any CPU.Build.0 = Debug|Any CPU
		{96177E4E-771A-4407-9872-653B278A9742}.Debug|x64.ActiveCfg = Debug|x64
		{96177E4E-771A-4407-9872-653B278A9742}.Debug|x64.Build.0 = Debug|x64
		{96177E4E-771A-4407-9872-653B278A9742}.Release|Any CPU.ActiveCfg = Release|Any CPU
		{96177E4E-771A-4407-9872-653B278A9742}.Release|Any CPU.Build.0 = Release|Any CPU
		{96177E4E-771A-4407-9872-653B278A9742}.Release|x64.ActiveCfg = Release|x64
		{96177E4E-771A-4407-9872-653B278A9742}.Release|x64.Build.0 = Release|x64
		{DCC58DA1-B563-4665-80E4-637EEE4F5E53}.Debug|Any CPU.ActiveCfg = Debug|Any CPU
		{DCC58DA1-B563-4665-80E4-637EEE4F5E53}.Debug|Any CPU.Build.0 = Debug|Any CPU
		{DCC58DA1-B563-4665-80E4-637EEE4F5E53}.Debug|x64.ActiveCfg = Debug|Any CPU
		{DCC58DA1-B563-4665-80E4-637EEE4F5E53}.Release|Any CPU.ActiveCfg = Release|Any CPU
		{DCC58DA1-B563-4665-80E4-637EEE4F5E53}.Release|Any CPU.Build.0 = Release|Any CPU
		{DCC58DA1-B563-4665-80E4-637EEE4F5E53}.Release|x64.ActiveCfg = Release|Any CPU
		{AA61B5F5-DDB9-4396-BCED-3DEF48248B24}.Debug|Any CPU.ActiveCfg = Debug|Any CPU
		{AA61B5F5-DDB9-4396-BCED-3DEF48248B24}.Debug|Any CPU.Build.0 = Debug|Any CPU
		{AA61B5F5-DDB9-4396-BCED-3DEF48248B24}.Debug|x64.ActiveCfg = Debug|Any CPU
		{AA61B5F5-DDB9-4396-BCED-3DEF48248B24}.Release|Any CPU.ActiveCfg = Release|Any CPU
		{AA61B5F5-DDB9-4396-BCED-3DEF48248B24}.Release|Any CPU.Build.0 = Release|Any CPU
		{AA61B5F5-DDB9-4396-BCED-3DEF48248B24}.Release|x64.ActiveCfg = Release|Any CPU
		{DAC6ADCF-D70A-4374-9846-818104FF55A9}.Debug|Any CPU.ActiveCfg = Debug|Any CPU
		{DAC6ADCF-D70A-4374-9846-818104FF55A9}.Debug|Any CPU.Build.0 = Debug|Any CPU
		{DAC6ADCF-D70A-4374-9846-818104FF55A9}.Debug|x64.ActiveCfg = Debug|x64
		{DAC6ADCF-D70A-4374-9846-818104FF55A9}.Debug|x64.Build.0 = Debug|x64
		{DAC6ADCF-D70A-4374-9846-818104FF55A9}.Release|Any CPU.ActiveCfg = Release|Any CPU
		{DAC6ADCF-D70A-4374-9846-818104FF55A9}.Release|Any CPU.Build.0 = Release|Any CPU
		{DAC6ADCF-D70A-4374-9846-818104FF55A9}.Release|x64.ActiveCfg = Release|x64
		{DAC6ADCF-D70A-4374-9846-818104FF55A9}.Release|x64.Build.0 = Release|x64
		{24E89182-214B-4C9D-BF84-44552D91A407}.Debug|Any CPU.ActiveCfg = Debug|Any CPU
		{24E89182-214B-4C9D-BF84-44552D91A407}.Debug|Any CPU.Build.0 = Debug|Any CPU
		{24E89182-214B-4C9D-BF84-44552D91A407}.Debug|x64.ActiveCfg = Debug|x64
		{24E89182-214B-4C9D-BF84-44552D91A407}.Debug|x64.Build.0 = Debug|x64
		{24E89182-214B-4C9D-BF84-44552D91A407}.Release|Any CPU.ActiveCfg = Release|Any CPU
		{24E89182-214B-4C9D-BF84-44552D91A407}.Release|Any CPU.Build.0 = Release|Any CPU
		{24E89182-214B-4C9D-BF84-44552D91A407}.Release|x64.ActiveCfg = Release|x64
		{24E89182-214B-4C9D-BF84-44552D91A407}.Release|x64.Build.0 = Release|x64
		{909A706F-32F8-4BA5-A44A-1F3137FE2CCB}.Debug|Any CPU.ActiveCfg = Debug|Any CPU
		{909A706F-32F8-4BA5-A44A-1F3137FE2CCB}.Debug|Any CPU.Build.0 = Debug|Any CPU
		{909A706F-32F8-4BA5-A44A-1F3137FE2CCB}.Debug|x64.ActiveCfg = Debug|x64
		{909A706F-32F8-4BA5-A44A-1F3137FE2CCB}.Debug|x64.Build.0 = Debug|x64
		{909A706F-32F8-4BA5-A44A-1F3137FE2CCB}.Release|Any CPU.ActiveCfg = Release|Any CPU
		{909A706F-32F8-4BA5-A44A-1F3137FE2CCB}.Release|Any CPU.Build.0 = Release|Any CPU
		{909A706F-32F8-4BA5-A44A-1F3137FE2CCB}.Release|x64.ActiveCfg = Release|x64
		{909A706F-32F8-4BA5-A44A-1F3137FE2CCB}.Release|x64.Build.0 = Release|x64
		{AC683399-1807-4332-A121-9DC5335A64D1}.Debug|Any CPU.ActiveCfg = Debug|Any CPU
		{AC683399-1807-4332-A121-9DC5335A64D1}.Debug|Any CPU.Build.0 = Debug|Any CPU
		{AC683399-1807-4332-A121-9DC5335A64D1}.Debug|x64.ActiveCfg = Debug|Any CPU
		{AC683399-1807-4332-A121-9DC5335A64D1}.Debug|x64.Build.0 = Debug|Any CPU
		{AC683399-1807-4332-A121-9DC5335A64D1}.Release|Any CPU.ActiveCfg = Release|Any CPU
		{AC683399-1807-4332-A121-9DC5335A64D1}.Release|Any CPU.Build.0 = Release|Any CPU
		{AC683399-1807-4332-A121-9DC5335A64D1}.Release|x64.ActiveCfg = Release|Any CPU
		{AC683399-1807-4332-A121-9DC5335A64D1}.Release|x64.Build.0 = Release|Any CPU
	EndGlobalSection
	GlobalSection(SolutionProperties) = preSolution
		HideSolutionNode = FALSE
	EndGlobalSection
	GlobalSection(NestedProjects) = preSolution
		{64F6BF2D-A08A-45BC-8420-4109308E4CA6} = {E2524041-CC88-4626-A990-9432DA8F84CB}
		{4FC2F290-1ECB-45F9-BD07-A10E0775CC5E} = {E2524041-CC88-4626-A990-9432DA8F84CB}
		{C4AF49E5-3B59-495B-98DA-D43B166EA287} = {DCA8A7E3-2D02-47F3-BE3D-3D9798CBD8E1}
		{96177E4E-771A-4407-9872-653B278A9742} = {DCA8A7E3-2D02-47F3-BE3D-3D9798CBD8E1}
		{DCC58DA1-B563-4665-80E4-637EEE4F5E53} = {02EA681E-C7D8-13C7-8484-4AC65E1B71E8}
		{AA61B5F5-DDB9-4396-BCED-3DEF48248B24} = {02EA681E-C7D8-13C7-8484-4AC65E1B71E8}
		{DAC6ADCF-D70A-4374-9846-818104FF55A9} = {E2524041-CC88-4626-A990-9432DA8F84CB}
		{24E89182-214B-4C9D-BF84-44552D91A407} = {158E4D2E-F8E3-4857-9980-3E837E7CD5C4}
		{909A706F-32F8-4BA5-A44A-1F3137FE2CCB} = {158E4D2E-F8E3-4857-9980-3E837E7CD5C4}
		{AC683399-1807-4332-A121-9DC5335A64D1} = {2B7282CE-6E76-46B1-81F8-03B768E97A3B}
	EndGlobalSection
	GlobalSection(ExtensibilityGlobals) = postSolution
		SolutionGuid = {201C1D8B-504F-41BD-8E05-0AF9594EADAA}
	EndGlobalSection
EndGlobal
